
Microsoft Visual Studio Solution File, Format Version 12.00
# Visual Studio Version 16
VisualStudioVersion = 16.0.30804.86
MinimumVisualStudioVersion = 10.0.40219.1
Project("{FAE04EC0-301F-11D3-BF4B-00C04F79EFBC}") = "IMDB", "IMDB\IMDB\IMDB.csproj", "{C9D9ED40-1D82-40BD-BB2B-45DD94BD8CC5}"
EndProject
Project("{FAE04EC0-301F-11D3-BF4B-00C04F79EFBC}") = "IMDB.Android", "IMDB\IMDB.Android\IMDB.Android.csproj", "{479E5A0E-619D-487C-AD60-1F4F5DCB0B23}"
EndProject
Project("{FAE04EC0-301F-11D3-BF4B-00C04F79EFBC}") = "IMDB.iOS", "IMDB\IMDB.iOS\IMDB.iOS.csproj", "{926E9F08-E2C3-4DDA-9188-CF6414CC376D}"
EndProject
Project("{FAE04EC0-301F-11D3-BF4B-00C04F79EFBC}") = "IMDB.UWP", "IMDB\IMDB.UWP\IMDB.UWP.csproj", "{1431AFF9-5288-4E15-9734-3BDC85348696}"
EndProject
Global
	GlobalSection(SolutionConfigurationPlatforms) = preSolution
		Ad-Hoc|Any CPU = Ad-Hoc|Any CPU
		Ad-Hoc|ARM = Ad-Hoc|ARM
		Ad-Hoc|iPhone = Ad-Hoc|iPhone
		Ad-Hoc|iPhoneSimulator = Ad-Hoc|iPhoneSimulator
		Ad-Hoc|x64 = Ad-Hoc|x64
		Ad-Hoc|x86 = Ad-Hoc|x86
		AppStore|Any CPU = AppStore|Any CPU
		AppStore|ARM = AppStore|ARM
		AppStore|iPhone = AppStore|iPhone
		AppStore|iPhoneSimulator = AppStore|iPhoneSimulator
		AppStore|x64 = AppStore|x64
		AppStore|x86 = AppStore|x86
		Debug|Any CPU = Debug|Any CPU
		Debug|ARM = Debug|ARM
		Debug|iPhone = Debug|iPhone
		Debug|iPhoneSimulator = Debug|iPhoneSimulator
		Debug|x64 = Debug|x64
		Debug|x86 = Debug|x86
		Release|Any CPU = Release|Any CPU
		Release|ARM = Release|ARM
		Release|iPhone = Release|iPhone
		Release|iPhoneSimulator = Release|iPhoneSimulator
		Release|x64 = Release|x64
		Release|x86 = Release|x86
	EndGlobalSection
	GlobalSection(ProjectConfigurationPlatforms) = postSolution
		{C9D9ED40-1D82-40BD-BB2B-45DD94BD8CC5}.Ad-Hoc|Any CPU.ActiveCfg = Debug|Any CPU
		{C9D9ED40-1D82-40BD-BB2B-45DD94BD8CC5}.Ad-Hoc|Any CPU.Build.0 = Debug|Any CPU
		{C9D9ED40-1D82-40BD-BB2B-45DD94BD8CC5}.Ad-Hoc|ARM.ActiveCfg = Debug|Any CPU
		{C9D9ED40-1D82-40BD-BB2B-45DD94BD8CC5}.Ad-Hoc|ARM.Build.0 = Debug|Any CPU
		{C9D9ED40-1D82-40BD-BB2B-45DD94BD8CC5}.Ad-Hoc|iPhone.ActiveCfg = Debug|Any CPU
		{C9D9ED40-1D82-40BD-BB2B-45DD94BD8CC5}.Ad-Hoc|iPhone.Build.0 = Debug|Any CPU
		{C9D9ED40-1D82-40BD-BB2B-45DD94BD8CC5}.Ad-Hoc|iPhoneSimulator.ActiveCfg = Debug|Any CPU
		{C9D9ED40-1D82-40BD-BB2B-45DD94BD8CC5}.Ad-Hoc|iPhoneSimulator.Build.0 = Debug|Any CPU
		{C9D9ED40-1D82-40BD-BB2B-45DD94BD8CC5}.Ad-Hoc|x64.ActiveCfg = Debug|Any CPU
		{C9D9ED40-1D82-40BD-BB2B-45DD94BD8CC5}.Ad-Hoc|x64.Build.0 = Debug|Any CPU
		{C9D9ED40-1D82-40BD-BB2B-45DD94BD8CC5}.Ad-Hoc|x86.ActiveCfg = Debug|Any CPU
		{C9D9ED40-1D82-40BD-BB2B-45DD94BD8CC5}.Ad-Hoc|x86.Build.0 = Debug|Any CPU
		{C9D9ED40-1D82-40BD-BB2B-45DD94BD8CC5}.AppStore|Any CPU.ActiveCfg = Debug|Any CPU
		{C9D9ED40-1D82-40BD-BB2B-45DD94BD8CC5}.AppStore|Any CPU.Build.0 = Debug|Any CPU
		{C9D9ED40-1D82-40BD-BB2B-45DD94BD8CC5}.AppStore|ARM.ActiveCfg = Debug|Any CPU
		{C9D9ED40-1D82-40BD-BB2B-45DD94BD8CC5}.AppStore|ARM.Build.0 = Debug|Any CPU
		{C9D9ED40-1D82-40BD-BB2B-45DD94BD8CC5}.AppStore|iPhone.ActiveCfg = Debug|Any CPU
		{C9D9ED40-1D82-40BD-BB2B-45DD94BD8CC5}.AppStore|iPhone.Build.0 = Debug|Any CPU
		{C9D9ED40-1D82-40BD-BB2B-45DD94BD8CC5}.AppStore|iPhoneSimulator.ActiveCfg = Debug|Any CPU
		{C9D9ED40-1D82-40BD-BB2B-45DD94BD8CC5}.AppStore|iPhoneSimulator.Build.0 = Debug|Any CPU
		{C9D9ED40-1D82-40BD-BB2B-45DD94BD8CC5}.AppStore|x64.ActiveCfg = Debug|Any CPU
		{C9D9ED40-1D82-40BD-BB2B-45DD94BD8CC5}.AppStore|x64.Build.0 = Debug|Any CPU
		{C9D9ED40-1D82-40BD-BB2B-45DD94BD8CC5}.AppStore|x86.ActiveCfg = Debug|Any CPU
		{C9D9ED40-1D82-40BD-BB2B-45DD94BD8CC5}.AppStore|x86.Build.0 = Debug|Any CPU
		{C9D9ED40-1D82-40BD-BB2B-45DD94BD8CC5}.Debug|Any CPU.ActiveCfg = Debug|Any CPU
		{C9D9ED40-1D82-40BD-BB2B-45DD94BD8CC5}.Debug|Any CPU.Build.0 = Debug|Any CPU
		{C9D9ED40-1D82-40BD-BB2B-45DD94BD8CC5}.Debug|ARM.ActiveCfg = Debug|Any CPU
		{C9D9ED40-1D82-40BD-BB2B-45DD94BD8CC5}.Debug|ARM.Build.0 = Debug|Any CPU
		{C9D9ED40-1D82-40BD-BB2B-45DD94BD8CC5}.Debug|iPhone.ActiveCfg = Debug|Any CPU
		{C9D9ED40-1D82-40BD-BB2B-45DD94BD8CC5}.Debug|iPhone.Build.0 = Debug|Any CPU
		{C9D9ED40-1D82-40BD-BB2B-45DD94BD8CC5}.Debug|iPhoneSimulator.ActiveCfg = Debug|Any CPU
		{C9D9ED40-1D82-40BD-BB2B-45DD94BD8CC5}.Debug|iPhoneSimulator.Build.0 = Debug|Any CPU
		{C9D9ED40-1D82-40BD-BB2B-45DD94BD8CC5}.Debug|x64.ActiveCfg = Debug|Any CPU
		{C9D9ED40-1D82-40BD-BB2B-45DD94BD8CC5}.Debug|x64.Build.0 = Debug|Any CPU
		{C9D9ED40-1D82-40BD-BB2B-45DD94BD8CC5}.Debug|x86.ActiveCfg = Debug|Any CPU
		{C9D9ED40-1D82-40BD-BB2B-45DD94BD8CC5}.Debug|x86.Build.0 = Debug|Any CPU
		{C9D9ED40-1D82-40BD-BB2B-45DD94BD8CC5}.Release|Any CPU.ActiveCfg = Release|Any CPU
		{C9D9ED40-1D82-40BD-BB2B-45DD94BD8CC5}.Release|Any CPU.Build.0 = Release|Any CPU
		{C9D9ED40-1D82-40BD-BB2B-45DD94BD8CC5}.Release|ARM.ActiveCfg = Release|Any CPU
		{C9D9ED40-1D82-40BD-BB2B-45DD94BD8CC5}.Release|ARM.Build.0 = Release|Any CPU
		{C9D9ED40-1D82-40BD-BB2B-45DD94BD8CC5}.Release|iPhone.ActiveCfg = Release|Any CPU
		{C9D9ED40-1D82-40BD-BB2B-45DD94BD8CC5}.Release|iPhone.Build.0 = Release|Any CPU
		{C9D9ED40-1D82-40BD-BB2B-45DD94BD8CC5}.Release|iPhoneSimulator.ActiveCfg = Release|Any CPU
		{C9D9ED40-1D82-40BD-BB2B-45DD94BD8CC5}.Release|iPhoneSimulator.Build.0 = Release|Any CPU
		{C9D9ED40-1D82-40BD-BB2B-45DD94BD8CC5}.Release|x64.ActiveCfg = Release|Any CPU
		{C9D9ED40-1D82-40BD-BB2B-45DD94BD8CC5}.Release|x64.Build.0 = Release|Any CPU
		{C9D9ED40-1D82-40BD-BB2B-45DD94BD8CC5}.Release|x86.ActiveCfg = Release|Any CPU
		{C9D9ED40-1D82-40BD-BB2B-45DD94BD8CC5}.Release|x86.Build.0 = Release|Any CPU
		{479E5A0E-619D-487C-AD60-1F4F5DCB0B23}.Ad-Hoc|Any CPU.ActiveCfg = Debug|Any CPU
		{479E5A0E-619D-487C-AD60-1F4F5DCB0B23}.Ad-Hoc|Any CPU.Build.0 = Debug|Any CPU
		{479E5A0E-619D-487C-AD60-1F4F5DCB0B23}.Ad-Hoc|Any CPU.Deploy.0 = Debug|Any CPU
		{479E5A0E-619D-487C-AD60-1F4F5DCB0B23}.Ad-Hoc|ARM.ActiveCfg = Debug|Any CPU
		{479E5A0E-619D-487C-AD60-1F4F5DCB0B23}.Ad-Hoc|ARM.Build.0 = Debug|Any CPU
		{479E5A0E-619D-487C-AD60-1F4F5DCB0B23}.Ad-Hoc|ARM.Deploy.0 = Debug|Any CPU
		{479E5A0E-619D-487C-AD60-1F4F5DCB0B23}.Ad-Hoc|iPhone.ActiveCfg = Debug|Any CPU
		{479E5A0E-619D-487C-AD60-1F4F5DCB0B23}.Ad-Hoc|iPhone.Build.0 = Debug|Any CPU
		{479E5A0E-619D-487C-AD60-1F4F5DCB0B23}.Ad-Hoc|iPhone.Deploy.0 = Debug|Any CPU
		{479E5A0E-619D-487C-AD60-1F4F5DCB0B23}.Ad-Hoc|iPhoneSimulator.ActiveCfg = Debug|Any CPU
		{479E5A0E-619D-487C-AD60-1F4F5DCB0B23}.Ad-Hoc|iPhoneSimulator.Build.0 = Debug|Any CPU
		{479E5A0E-619D-487C-AD60-1F4F5DCB0B23}.Ad-Hoc|iPhoneSimulator.Deploy.0 = Debug|Any CPU
		{479E5A0E-619D-487C-AD60-1F4F5DCB0B23}.Ad-Hoc|x64.ActiveCfg = Debug|Any CPU
		{479E5A0E-619D-487C-AD60-1F4F5DCB0B23}.Ad-Hoc|x64.Build.0 = Debug|Any CPU
		{479E5A0E-619D-487C-AD60-1F4F5DCB0B23}.Ad-Hoc|x64.Deploy.0 = Debug|Any CPU
		{479E5A0E-619D-487C-AD60-1F4F5DCB0B23}.Ad-Hoc|x86.ActiveCfg = Debug|Any CPU
		{479E5A0E-619D-487C-AD60-1F4F5DCB0B23}.Ad-Hoc|x86.Build.0 = Debug|Any CPU
		{479E5A0E-619D-487C-AD60-1F4F5DCB0B23}.Ad-Hoc|x86.Deploy.0 = Debug|Any CPU
		{479E5A0E-619D-487C-AD60-1F4F5DCB0B23}.AppStore|Any CPU.ActiveCfg = Debug|Any CPU
		{479E5A0E-619D-487C-AD60-1F4F5DCB0B23}.AppStore|Any CPU.Build.0 = Debug|Any CPU
		{479E5A0E-619D-487C-AD60-1F4F5DCB0B23}.AppStore|Any CPU.Deploy.0 = Debug|Any CPU
		{479E5A0E-619D-487C-AD60-1F4F5DCB0B23}.AppStore|ARM.ActiveCfg = Debug|Any CPU
		{479E5A0E-619D-487C-AD60-1F4F5DCB0B23}.AppStore|ARM.Build.0 = Debug|Any CPU
		{479E5A0E-619D-487C-AD60-1F4F5DCB0B23}.AppStore|ARM.Deploy.0 = Debug|Any CPU
		{479E5A0E-619D-487C-AD60-1F4F5DCB0B23}.AppStore|iPhone.ActiveCfg = Debug|Any CPU
		{479E5A0E-619D-487C-AD60-1F4F5DCB0B23}.AppStore|iPhone.Build.0 = Debug|Any CPU
		{479E5A0E-619D-487C-AD60-1F4F5DCB0B23}.AppStore|iPhone.Deploy.0 = Debug|Any CPU
		{479E5A0E-619D-487C-AD60-1F4F5DCB0B23}.AppStore|iPhoneSimulator.ActiveCfg = Debug|Any CPU
		{479E5A0E-619D-487C-AD60-1F4F5DCB0B23}.AppStore|iPhoneSimulator.Build.0 = Debug|Any CPU
		{479E5A0E-619D-487C-AD60-1F4F5DCB0B23}.AppStore|iPhoneSimulator.Deploy.0 = Debug|Any CPU
		{479E5A0E-619D-487C-AD60-1F4F5DCB0B23}.AppStore|x64.ActiveCfg = Debug|Any CPU
		{479E5A0E-619D-487C-AD60-1F4F5DCB0B23}.AppStore|x64.Build.0 = Debug|Any CPU
		{479E5A0E-619D-487C-AD60-1F4F5DCB0B23}.AppStore|x64.Deploy.0 = Debug|Any CPU
		{479E5A0E-619D-487C-AD60-1F4F5DCB0B23}.AppStore|x86.ActiveCfg = Debug|Any CPU
		{479E5A0E-619D-487C-AD60-1F4F5DCB0B23}.AppStore|x86.Build.0 = Debug|Any CPU
		{479E5A0E-619D-487C-AD60-1F4F5DCB0B23}.AppStore|x86.Deploy.0 = Debug|Any CPU
		{479E5A0E-619D-487C-AD60-1F4F5DCB0B23}.Debug|Any CPU.ActiveCfg = Debug|Any CPU
		{479E5A0E-619D-487C-AD60-1F4F5DCB0B23}.Debug|Any CPU.Build.0 = Debug|Any CPU
		{479E5A0E-619D-487C-AD60-1F4F5DCB0B23}.Debug|Any CPU.Deploy.0 = Debug|Any CPU
		{479E5A0E-619D-487C-AD60-1F4F5DCB0B23}.Debug|ARM.ActiveCfg = Debug|Any CPU
		{479E5A0E-619D-487C-AD60-1F4F5DCB0B23}.Debug|ARM.Build.0 = Debug|Any CPU
		{479E5A0E-619D-487C-AD60-1F4F5DCB0B23}.Debug|ARM.Deploy.0 = Debug|Any CPU
		{479E5A0E-619D-487C-AD60-1F4F5DCB0B23}.Debug|iPhone.ActiveCfg = Debug|Any CPU
		{479E5A0E-619D-487C-AD60-1F4F5DCB0B23}.Debug|iPhone.Build.0 = Debug|Any CPU
		{479E5A0E-619D-487C-AD60-1F4F5DCB0B23}.Debug|iPhone.Deploy.0 = Debug|Any CPU
		{479E5A0E-619D-487C-AD60-1F4F5DCB0B23}.Debug|iPhoneSimulator.ActiveCfg = Debug|Any CPU
		{479E5A0E-619D-487C-AD60-1F4F5DCB0B23}.Debug|iPhoneSimulator.Build.0 = Debug|Any CPU
		{479E5A0E-619D-487C-AD60-1F4F5DCB0B23}.Debug|iPhoneSimulator.Deploy.0 = Debug|Any CPU
		{479E5A0E-619D-487C-AD60-1F4F5DCB0B23}.Debug|x64.ActiveCfg = Debug|Any CPU
		{479E5A0E-619D-487C-AD60-1F4F5DCB0B23}.Debug|x64.Build.0 = Debug|Any CPU
		{479E5A0E-619D-487C-AD60-1F4F5DCB0B23}.Debug|x64.Deploy.0 = Debug|Any CPU
		{479E5A0E-619D-487C-AD60-1F4F5DCB0B23}.Debug|x86.ActiveCfg = Debug|Any CPU
		{479E5A0E-619D-487C-AD60-1F4F5DCB0B23}.Debug|x86.Build.0 = Debug|Any CPU
		{479E5A0E-619D-487C-AD60-1F4F5DCB0B23}.Debug|x86.Deploy.0 = Debug|Any CPU
		{479E5A0E-619D-487C-AD60-1F4F5DCB0B23}.Release|Any CPU.ActiveCfg = Release|Any CPU
		{479E5A0E-619D-487C-AD60-1F4F5DCB0B23}.Release|Any CPU.Build.0 = Release|Any CPU
		{479E5A0E-619D-487C-AD60-1F4F5DCB0B23}.Release|Any CPU.Deploy.0 = Release|Any CPU
		{479E5A0E-619D-487C-AD60-1F4F5DCB0B23}.Release|ARM.ActiveCfg = Release|Any CPU
		{479E5A0E-619D-487C-AD60-1F4F5DCB0B23}.Release|ARM.Build.0 = Release|Any CPU
		{479E5A0E-619D-487C-AD60-1F4F5DCB0B23}.Release|ARM.Deploy.0 = Release|Any CPU
		{479E5A0E-619D-487C-AD60-1F4F5DCB0B23}.Release|iPhone.ActiveCfg = Release|Any CPU
		{479E5A0E-619D-487C-AD60-1F4F5DCB0B23}.Release|iPhone.Build.0 = Release|Any CPU
		{479E5A0E-619D-487C-AD60-1F4F5DCB0B23}.Release|iPhone.Deploy.0 = Release|Any CPU
		{479E5A0E-619D-487C-AD60-1F4F5DCB0B23}.Release|iPhoneSimulator.ActiveCfg = Release|Any CPU
		{479E5A0E-619D-487C-AD60-1F4F5DCB0B23}.Release|iPhoneSimulator.Build.0 = Release|Any CPU
		{479E5A0E-619D-487C-AD60-1F4F5DCB0B23}.Release|iPhoneSimulator.Deploy.0 = Release|Any CPU
		{479E5A0E-619D-487C-AD60-1F4F5DCB0B23}.Release|x64.ActiveCfg = Release|Any CPU
		{479E5A0E-619D-487C-AD60-1F4F5DCB0B23}.Release|x64.Build.0 = Release|Any CPU
		{479E5A0E-619D-487C-AD60-1F4F5DCB0B23}.Release|x64.Deploy.0 = Release|Any CPU
		{479E5A0E-619D-487C-AD60-1F4F5DCB0B23}.Release|x86.ActiveCfg = Release|Any CPU
		{479E5A0E-619D-487C-AD60-1F4F5DCB0B23}.Release|x86.Build.0 = Release|Any CPU
		{479E5A0E-619D-487C-AD60-1F4F5DCB0B23}.Release|x86.Deploy.0 = Release|Any CPU
		{926E9F08-E2C3-4DDA-9188-CF6414CC376D}.Ad-Hoc|Any CPU.ActiveCfg = Ad-Hoc|iPhoneSimulator
		{926E9F08-E2C3-4DDA-9188-CF6414CC376D}.Ad-Hoc|ARM.ActiveCfg = Ad-Hoc|iPhoneSimulator
		{926E9F08-E2C3-4DDA-9188-CF6414CC376D}.Ad-Hoc|iPhone.ActiveCfg = Ad-Hoc|iPhone
		{926E9F08-E2C3-4DDA-9188-CF6414CC376D}.Ad-Hoc|iPhone.Build.0 = Ad-Hoc|iPhone
		{926E9F08-E2C3-4DDA-9188-CF6414CC376D}.Ad-Hoc|iPhoneSimulator.ActiveCfg = Ad-Hoc|iPhoneSimulator
		{926E9F08-E2C3-4DDA-9188-CF6414CC376D}.Ad-Hoc|iPhoneSimulator.Build.0 = Ad-Hoc|iPhoneSimulator
		{926E9F08-E2C3-4DDA-9188-CF6414CC376D}.Ad-Hoc|x64.ActiveCfg = Ad-Hoc|iPhoneSimulator
		{926E9F08-E2C3-4DDA-9188-CF6414CC376D}.Ad-Hoc|x86.ActiveCfg = Ad-Hoc|iPhoneSimulator
		{926E9F08-E2C3-4DDA-9188-CF6414CC376D}.AppStore|Any CPU.ActiveCfg = AppStore|iPhoneSimulator
		{926E9F08-E2C3-4DDA-9188-CF6414CC376D}.AppStore|ARM.ActiveCfg = AppStore|iPhoneSimulator
		{926E9F08-E2C3-4DDA-9188-CF6414CC376D}.AppStore|iPhone.ActiveCfg = AppStore|iPhone
		{926E9F08-E2C3-4DDA-9188-CF6414CC376D}.AppStore|iPhone.Build.0 = AppStore|iPhone
		{926E9F08-E2C3-4DDA-9188-CF6414CC376D}.AppStore|iPhoneSimulator.ActiveCfg = AppStore|iPhoneSimulator
		{926E9F08-E2C3-4DDA-9188-CF6414CC376D}.AppStore|iPhoneSimulator.Build.0 = AppStore|iPhoneSimulator
		{926E9F08-E2C3-4DDA-9188-CF6414CC376D}.AppStore|x64.ActiveCfg = AppStore|iPhoneSimulator
		{926E9F08-E2C3-4DDA-9188-CF6414CC376D}.AppStore|x86.ActiveCfg = AppStore|iPhoneSimulator
		{926E9F08-E2C3-4DDA-9188-CF6414CC376D}.Debug|Any CPU.ActiveCfg = Debug|iPhoneSimulator
		{926E9F08-E2C3-4DDA-9188-CF6414CC376D}.Debug|ARM.ActiveCfg = Debug|iPhoneSimulator
		{926E9F08-E2C3-4DDA-9188-CF6414CC376D}.Debug|iPhone.ActiveCfg = Debug|iPhone
		{926E9F08-E2C3-4DDA-9188-CF6414CC376D}.Debug|iPhone.Build.0 = Debug|iPhone
		{926E9F08-E2C3-4DDA-9188-CF6414CC376D}.Debug|iPhoneSimulator.ActiveCfg = Debug|iPhoneSimulator
		{926E9F08-E2C3-4DDA-9188-CF6414CC376D}.Debug|iPhoneSimulator.Build.0 = Debug|iPhoneSimulator
		{926E9F08-E2C3-4DDA-9188-CF6414CC376D}.Debug|x64.ActiveCfg = Debug|iPhoneSimulator
		{926E9F08-E2C3-4DDA-9188-CF6414CC376D}.Debug|x86.ActiveCfg = Debug|iPhoneSimulator
		{926E9F08-E2C3-4DDA-9188-CF6414CC376D}.Release|Any CPU.ActiveCfg = Release|iPhoneSimulator
		{926E9F08-E2C3-4DDA-9188-CF6414CC376D}.Release|ARM.ActiveCfg = Release|iPhoneSimulator
		{926E9F08-E2C3-4DDA-9188-CF6414CC376D}.Release|iPhone.ActiveCfg = Release|iPhone
		{926E9F08-E2C3-4DDA-9188-CF6414CC376D}.Release|iPhone.Build.0 = Release|iPhone
		{926E9F08-E2C3-4DDA-9188-CF6414CC376D}.Release|iPhoneSimulator.ActiveCfg = Release|iPhoneSimulator
		{926E9F08-E2C3-4DDA-9188-CF6414CC376D}.Release|iPhoneSimulator.Build.0 = Release|iPhoneSimulator
		{926E9F08-E2C3-4DDA-9188-CF6414CC376D}.Release|x64.ActiveCfg = Release|iPhoneSimulator
		{926E9F08-E2C3-4DDA-9188-CF6414CC376D}.Release|x86.ActiveCfg = Release|iPhoneSimulator
		{1431AFF9-5288-4E15-9734-3BDC85348696}.Ad-Hoc|Any CPU.ActiveCfg = Debug|ARM
		{1431AFF9-5288-4E15-9734-3BDC85348696}.Ad-Hoc|Any CPU.Build.0 = Debug|ARM
		{1431AFF9-5288-4E15-9734-3BDC85348696}.Ad-Hoc|Any CPU.Deploy.0 = Debug|ARM
		{1431AFF9-5288-4E15-9734-3BDC85348696}.Ad-Hoc|ARM.ActiveCfg = Debug|ARM
		{1431AFF9-5288-4E15-9734-3BDC85348696}.Ad-Hoc|ARM.Build.0 = Debug|ARM
		{1431AFF9-5288-4E15-9734-3BDC85348696}.Ad-Hoc|ARM.Deploy.0 = Debug|ARM
		{1431AFF9-5288-4E15-9734-3BDC85348696}.Ad-Hoc|iPhone.ActiveCfg = Debug|ARM
		{1431AFF9-5288-4E15-9734-3BDC85348696}.Ad-Hoc|iPhone.Build.0 = Debug|ARM
		{1431AFF9-5288-4E15-9734-3BDC85348696}.Ad-Hoc|iPhone.Deploy.0 = Debug|ARM
		{1431AFF9-5288-4E15-9734-3BDC85348696}.Ad-Hoc|iPhoneSimulator.ActiveCfg = Debug|ARM
		{1431AFF9-5288-4E15-9734-3BDC85348696}.Ad-Hoc|iPhoneSimulator.Build.0 = Debug|ARM
		{1431AFF9-5288-4E15-9734-3BDC85348696}.Ad-Hoc|iPhoneSimulator.Deploy.0 = Debug|ARM
		{1431AFF9-5288-4E15-9734-3BDC85348696}.Ad-Hoc|x64.ActiveCfg = Debug|x64
		{1431AFF9-5288-4E15-9734-3BDC85348696}.Ad-Hoc|x64.Build.0 = Debug|x64
		{1431AFF9-5288-4E15-9734-3BDC85348696}.Ad-Hoc|x64.Deploy.0 = Debug|x64
		{1431AFF9-5288-4E15-9734-3BDC85348696}.Ad-Hoc|x86.ActiveCfg = Debug|x86
		{1431AFF9-5288-4E15-9734-3BDC85348696}.Ad-Hoc|x86.Build.0 = Debug|x86
		{1431AFF9-5288-4E15-9734-3BDC85348696}.Ad-Hoc|x86.Deploy.0 = Debug|x86
		{1431AFF9-5288-4E15-9734-3BDC85348696}.AppStore|Any CPU.ActiveCfg = Debug|ARM
		{1431AFF9-5288-4E15-9734-3BDC85348696}.AppStore|Any CPU.Build.0 = Debug|ARM
		{1431AFF9-5288-4E15-9734-3BDC85348696}.AppStore|Any CPU.Deploy.0 = Debug|ARM
		{1431AFF9-5288-4E15-9734-3BDC85348696}.AppStore|ARM.ActiveCfg = Debug|ARM
		{1431AFF9-5288-4E15-9734-3BDC85348696}.AppStore|ARM.Build.0 = Debug|ARM
		{1431AFF9-5288-4E15-9734-3BDC85348696}.AppStore|ARM.Deploy.0 = Debug|ARM
		{1431AFF9-5288-4E15-9734-3BDC85348696}.AppStore|iPhone.ActiveCfg = Debug|ARM
		{1431AFF9-5288-4E15-9734-3BDC85348696}.AppStore|iPhone.Build.0 = Debug|ARM
		{1431AFF9-5288-4E15-9734-3BDC85348696}.AppStore|iPhone.Deploy.0 = Debug|ARM
		{1431AFF9-5288-4E15-9734-3BDC85348696}.AppStore|iPhoneSimulator.ActiveCfg = Debug|ARM
		{1431AFF9-5288-4E15-9734-3BDC85348696}.AppStore|iPhoneSimulator.Build.0 = Debug|ARM
		{1431AFF9-5288-4E15-9734-3BDC85348696}.AppStore|iPhoneSimulator.Deploy.0 = Debug|ARM
		{1431AFF9-5288-4E15-9734-3BDC85348696}.AppStore|x64.ActiveCfg = Debug|x64
		{1431AFF9-5288-4E15-9734-3BDC85348696}.AppStore|x64.Build.0 = Debug|x64
		{1431AFF9-5288-4E15-9734-3BDC85348696}.AppStore|x64.Deploy.0 = Debug|x64
		{1431AFF9-5288-4E15-9734-3BDC85348696}.AppStore|x86.ActiveCfg = Debug|x86
		{1431AFF9-5288-4E15-9734-3BDC85348696}.AppStore|x86.Build.0 = Debug|x86
		{1431AFF9-5288-4E15-9734-3BDC85348696}.AppStore|x86.Deploy.0 = Debug|x86
		{1431AFF9-5288-4E15-9734-3BDC85348696}.Debug|Any CPU.ActiveCfg = Debug|x86
		{1431AFF9-5288-4E15-9734-3BDC85348696}.Debug|ARM.ActiveCfg = Debug|ARM
		{1431AFF9-5288-4E15-9734-3BDC85348696}.Debug|ARM.Build.0 = Debug|ARM
		{1431AFF9-5288-4E15-9734-3BDC85348696}.Debug|ARM.Deploy.0 = Debug|ARM
		{1431AFF9-5288-4E15-9734-3BDC85348696}.Debug|iPhone.ActiveCfg = Debug|x86
		{1431AFF9-5288-4E15-9734-3BDC85348696}.Debug|iPhoneSimulator.ActiveCfg = Debug|x86
		{1431AFF9-5288-4E15-9734-3BDC85348696}.Debug|x64.ActiveCfg = Debug|x64
		{1431AFF9-5288-4E15-9734-3BDC85348696}.Debug|x64.Build.0 = Debug|x64
		{1431AFF9-5288-4E15-9734-3BDC85348696}.Debug|x64.Deploy.0 = Debug|x64
		{1431AFF9-5288-4E15-9734-3BDC85348696}.Debug|x86.ActiveCfg = Debug|x86
		{1431AFF9-5288-4E15-9734-3BDC85348696}.Debug|x86.Build.0 = Debug|x86
		{1431AFF9-5288-4E15-9734-3BDC85348696}.Debug|x86.Deploy.0 = Debug|x86
		{1431AFF9-5288-4E15-9734-3BDC85348696}.Release|Any CPU.ActiveCfg = Release|x86
		{1431AFF9-5288-4E15-9734-3BDC85348696}.Release|ARM.ActiveCfg = Release|ARM
		{1431AFF9-5288-4E15-9734-3BDC85348696}.Release|ARM.Build.0 = Release|ARM
		{1431AFF9-5288-4E15-9734-3BDC85348696}.Release|ARM.Deploy.0 = Release|ARM
		{1431AFF9-5288-4E15-9734-3BDC85348696}.Release|iPhone.ActiveCfg = Release|x86
		{1431AFF9-5288-4E15-9734-3BDC85348696}.Release|iPhoneSimulator.ActiveCfg = Release|x86
		{1431AFF9-5288-4E15-9734-3BDC85348696}.Release|x64.ActiveCfg = Release|x64
		{1431AFF9-5288-4E15-9734-3BDC85348696}.Release|x64.Build.0 = Release|x64
		{1431AFF9-5288-4E15-9734-3BDC85348696}.Release|x64.Deploy.0 = Release|x64
		{1431AFF9-5288-4E15-9734-3BDC85348696}.Release|x86.ActiveCfg = Release|x86
		{1431AFF9-5288-4E15-9734-3BDC85348696}.Release|x86.Build.0 = Release|x86
		{1431AFF9-5288-4E15-9734-3BDC85348696}.Release|x86.Deploy.0 = Release|x86
	EndGlobalSection
	GlobalSection(SolutionProperties) = preSolution
		HideSolutionNode = FALSE
	EndGlobalSection
	GlobalSection(ExtensibilityGlobals) = postSolution
		SolutionGuid = {46F3AB14-2D2D-48C5-B2A1-DF4FD3A72C58}
	EndGlobalSection
EndGlobal
